
Microsoft Visual Studio Solution File, Format Version 12.00
# Visual Studio 15
VisualStudioVersion = 15.0.26124.0
MinimumVisualStudioVersion = 15.0.26124.0
Project("{FAE04EC0-301F-11D3-BF4B-00C04F79EFBC}") = "pulsacionesweb", "pulsacionesweb\pulsacionesweb.csproj", "{E5C8E937-B650-4F09-8220-21E7B9D1975C}"
EndProject
Project("{FAE04EC0-301F-11D3-BF4B-00C04F79EFBC}") = "Datos", "Datos\Datos.csproj", "{42CE0CA9-1D50-4B98-A4F3-DBF33D6A5F27}"
EndProject
Project("{FAE04EC0-301F-11D3-BF4B-00C04F79EFBC}") = "Logica", "Logica\Logica.csproj", "{89719FA0-14D3-43DB-B51A-81679AA5F42E}"
EndProject
Project("{FAE04EC0-301F-11D3-BF4B-00C04F79EFBC}") = "Entidad", "Entidad\Entidad.csproj", "{EA3B6E98-CE44-4C6B-8290-8C01DD176073}"
EndProject
Global
	GlobalSection(SolutionConfigurationPlatforms) = preSolution
		Debug|Any CPU = Debug|Any CPU
		Debug|x64 = Debug|x64
		Debug|x86 = Debug|x86
		Release|Any CPU = Release|Any CPU
		Release|x64 = Release|x64
		Release|x86 = Release|x86
	EndGlobalSection
	GlobalSection(SolutionProperties) = preSolution
		HideSolutionNode = FALSE
	EndGlobalSection
	GlobalSection(ProjectConfigurationPlatforms) = postSolution
		{E5C8E937-B650-4F09-8220-21E7B9D1975C}.Debug|Any CPU.ActiveCfg = Debug|Any CPU
		{E5C8E937-B650-4F09-8220-21E7B9D1975C}.Debug|Any CPU.Build.0 = Debug|Any CPU
		{E5C8E937-B650-4F09-8220-21E7B9D1975C}.Debug|x64.ActiveCfg = Debug|Any CPU
		{E5C8E937-B650-4F09-8220-21E7B9D1975C}.Debug|x64.Build.0 = Debug|Any CPU
		{E5C8E937-B650-4F09-8220-21E7B9D1975C}.Debug|x86.ActiveCfg = Debug|Any CPU
		{E5C8E937-B650-4F09-8220-21E7B9D1975C}.Debug|x86.Build.0 = Debug|Any CPU
		{E5C8E937-B650-4F09-8220-21E7B9D1975C}.Release|Any CPU.ActiveCfg = Release|Any CPU
		{E5C8E937-B650-4F09-8220-21E7B9D1975C}.Release|Any CPU.Build.0 = Release|Any CPU
		{E5C8E937-B650-4F09-8220-21E7B9D1975C}.Release|x64.ActiveCfg = Release|Any CPU
		{E5C8E937-B650-4F09-8220-21E7B9D1975C}.Release|x64.Build.0 = Release|Any CPU
		{E5C8E937-B650-4F09-8220-21E7B9D1975C}.Release|x86.ActiveCfg = Release|Any CPU
		{E5C8E937-B650-4F09-8220-21E7B9D1975C}.Release|x86.Build.0 = Release|Any CPU
		{42CE0CA9-1D50-4B98-A4F3-DBF33D6A5F27}.Debug|Any CPU.ActiveCfg = Debug|Any CPU
		{42CE0CA9-1D50-4B98-A4F3-DBF33D6A5F27}.Debug|Any CPU.Build.0 = Debug|Any CPU
		{42CE0CA9-1D50-4B98-A4F3-DBF33D6A5F27}.Debug|x64.ActiveCfg = Debug|Any CPU
		{42CE0CA9-1D50-4B98-A4F3-DBF33D6A5F27}.Debug|x64.Build.0 = Debug|Any CPU
		{42CE0CA9-1D50-4B98-A4F3-DBF33D6A5F27}.Debug|x86.ActiveCfg = Debug|Any CPU
		{42CE0CA9-1D50-4B98-A4F3-DBF33D6A5F27}.Debug|x86.Build.0 = Debug|Any CPU
		{42CE0CA9-1D50-4B98-A4F3-DBF33D6A5F27}.Release|Any CPU.ActiveCfg = Release|Any CPU
		{42CE0CA9-1D50-4B98-A4F3-DBF33D6A5F27}.Release|Any CPU.Build.0 = Release|Any CPU
		{42CE0CA9-1D50-4B98-A4F3-DBF33D6A5F27}.Release|x64.ActiveCfg = Release|Any CPU
		{42CE0CA9-1D50-4B98-A4F3-DBF33D6A5F27}.Release|x64.Build.0 = Release|Any CPU
		{42CE0CA9-1D50-4B98-A4F3-DBF33D6A5F27}.Release|x86.ActiveCfg = Release|Any CPU
		{42CE0CA9-1D50-4B98-A4F3-DBF33D6A5F27}.Release|x86.Build.0 = Release|Any CPU
		{89719FA0-14D3-43DB-B51A-81679AA5F42E}.Debug|Any CPU.ActiveCfg = Debug|Any CPU
		{89719FA0-14D3-43DB-B51A-81679AA5F42E}.Debug|Any CPU.Build.0 = Debug|Any CPU
		{89719FA0-14D3-43DB-B51A-81679AA5F42E}.Debug|x64.ActiveCfg = Debug|Any CPU
		{89719FA0-14D3-43DB-B51A-81679AA5F42E}.Debug|x64.Build.0 = Debug|Any CPU
		{89719FA0-14D3-43DB-B51A-81679AA5F42E}.Debug|x86.ActiveCfg = Debug|Any CPU
		{89719FA0-14D3-43DB-B51A-81679AA5F42E}.Debug|x86.Build.0 = Debug|Any CPU
		{89719FA0-14D3-43DB-B51A-81679AA5F42E}.Release|Any CPU.ActiveCfg = Release|Any CPU
		{89719FA0-14D3-43DB-B51A-81679AA5F42E}.Release|Any CPU.Build.0 = Release|Any CPU
		{89719FA0-14D3-43DB-B51A-81679AA5F42E}.Release|x64.ActiveCfg = Release|Any CPU
		{89719FA0-14D3-43DB-B51A-81679AA5F42E}.Release|x64.Build.0 = Release|Any CPU
		{89719FA0-14D3-43DB-B51A-81679AA5F42E}.Release|x86.ActiveCfg = Release|Any CPU
		{89719FA0-14D3-43DB-B51A-81679AA5F42E}.Release|x86.Build.0 = Release|Any CPU
		{EA3B6E98-CE44-4C6B-8290-8C01DD176073}.Debug|Any CPU.ActiveCfg = Debug|Any CPU
		{EA3B6E98-CE44-4C6B-8290-8C01DD176073}.Debug|Any CPU.Build.0 = Debug|Any CPU
		{EA3B6E98-CE44-4C6B-8290-8C01DD176073}.Debug|x64.ActiveCfg = Debug|Any CPU
		{EA3B6E98-CE44-4C6B-8290-8C01DD176073}.Debug|x64.Build.0 = Debug|Any CPU
		{EA3B6E98-CE44-4C6B-8290-8C01DD176073}.Debug|x86.ActiveCfg = Debug|Any CPU
		{EA3B6E98-CE44-4C6B-8290-8C01DD176073}.Debug|x86.Build.0 = Debug|Any CPU
		{EA3B6E98-CE44-4C6B-8290-8C01DD176073}.Release|Any CPU.ActiveCfg = Release|Any CPU
		{EA3B6E98-CE44-4C6B-8290-8C01DD176073}.Release|Any CPU.Build.0 = Release|Any CPU
		{EA3B6E98-CE44-4C6B-8290-8C01DD176073}.Release|x64.ActiveCfg = Release|Any CPU
		{EA3B6E98-CE44-4C6B-8290-8C01DD176073}.Release|x64.Build.0 = Release|Any CPU
		{EA3B6E98-CE44-4C6B-8290-8C01DD176073}.Release|x86.ActiveCfg = Release|Any CPU
		{EA3B6E98-CE44-4C6B-8290-8C01DD176073}.Release|x86.Build.0 = Release|Any CPU
	EndGlobalSection
EndGlobal
